# THIS IS AN AUTOGENERATED FILE. DO NOT EDIT THIS FILE DIRECTLY.
# yarn lockfile v1


"101@^1.0.0", "101@^1.5.0":
  version "1.6.2"
  resolved "https://registry.yarnpkg.com/101/-/101-1.6.2.tgz#43cb51db1a400443de2929ec9c788144d56b57e8"
  dependencies:
    clone "^1.0.2"
    deep-eql "^0.1.3"
    keypather "^1.10.2"

amdefine@>=0.0.4:
  version "1.0.1"
  resolved "https://registry.yarnpkg.com/amdefine/-/amdefine-1.0.1.tgz#4a5282ac164729e93619bcfd3ad151f817ce91f5"

ansi-regex@^2.0.0:
  version "2.1.1"
  resolved "https://registry.yarnpkg.com/ansi-regex/-/ansi-regex-2.1.1.tgz#c3b33ab5ee360d86e0e628f0468ae7ef27d654df"

ansi-styles@^2.2.1:
  version "2.2.1"
  resolved "https://registry.yarnpkg.com/ansi-styles/-/ansi-styles-2.2.1.tgz#b432dd3358b634cf75e1e4664368240533c1ddbe"

asap@~2.0.3:
  version "2.0.5"
  resolved "https://registry.yarnpkg.com/asap/-/asap-2.0.5.tgz#522765b50c3510490e52d7dcfe085ef9ba96958f"

babel-code-frame@^6.22.0:
  version "6.22.0"
  resolved "https://registry.yarnpkg.com/babel-code-frame/-/babel-code-frame-6.22.0.tgz#027620bee567a88c32561574e7fd0801d33118e4"
  dependencies:
    chalk "^1.1.0"
    esutils "^2.0.2"
    js-tokens "^3.0.0"

babel-messages@^6.23.0:
  version "6.23.0"
  resolved "https://registry.yarnpkg.com/babel-messages/-/babel-messages-6.23.0.tgz#f3cdf4703858035b2a2951c6ec5edf6c62f2630e"
  dependencies:
    babel-runtime "^6.22.0"

babel-runtime@^6.20.0, babel-runtime@^6.22.0, babel-runtime@^6.23.0:
  version "6.23.0"
  resolved "https://registry.yarnpkg.com/babel-runtime/-/babel-runtime-6.23.0.tgz#0a9489f144de70efb3ce4300accdb329e2fc543b"
  dependencies:
    core-js "^2.4.0"
    regenerator-runtime "^0.10.0"

babel-template@^6.7.0:
  version "6.23.0"
  resolved "https://registry.yarnpkg.com/babel-template/-/babel-template-6.23.0.tgz#04d4f270adbb3aa704a8143ae26faa529238e638"
  dependencies:
    babel-runtime "^6.22.0"
    babel-traverse "^6.23.0"
    babel-types "^6.23.0"
    babylon "^6.11.0"
    lodash "^4.2.0"

babel-traverse@^6.23.0:
  version "6.25.0"
  resolved "https://registry.yarnpkg.com/babel-traverse/-/babel-traverse-6.25.0.tgz#2257497e2fcd19b89edc13c4c91381f9512496f1"
  dependencies:
    babel-code-frame "^6.22.0"
    babel-messages "^6.23.0"
    babel-runtime "^6.22.0"
    babel-types "^6.25.0"
    babylon "^6.17.2"
    debug "^2.2.0"
    globals "^9.0.0"
    invariant "^2.2.0"
    lodash "^4.2.0"

babel-types@^6.23.0, babel-types@^6.25.0:
  version "6.25.0"
  resolved "https://registry.yarnpkg.com/babel-types/-/babel-types-6.25.0.tgz#70afb248d5660e5d18f811d91c8303b54134a18e"
  dependencies:
    babel-runtime "^6.22.0"
    esutils "^2.0.2"
    lodash "^4.2.0"
    to-fast-properties "^1.0.1"

babylon@^6.11.0, babylon@^6.17.2:
  version "6.17.3"
  resolved "https://registry.yarnpkg.com/babylon/-/babylon-6.17.3.tgz#1327d709950b558f204e5352587fd0290f8d8e48"

base64-js@^1.0.2:
  version "1.2.0"
  resolved "https://registry.yarnpkg.com/base64-js/-/base64-js-1.2.0.tgz#a39992d723584811982be5e290bb6a53d86700f1"

bowser@^1.6.0:
  version "1.6.1"
  resolved "https://registry.yarnpkg.com/bowser/-/bowser-1.6.1.tgz#9157e9498f456e937173a2918f3b2161e5353eb3"

buffer@^5.0.3:
  version "5.0.7"
  resolved "https://registry.yarnpkg.com/buffer/-/buffer-5.0.7.tgz#570a290b625cf2603290c1149223d27ccf04db97"
  dependencies:
    base64-js "^1.0.2"
    ieee754 "^1.1.4"

chain-function@^1.0.0:
  version "1.0.0"
  resolved "https://registry.yarnpkg.com/chain-function/-/chain-function-1.0.0.tgz#0d4ab37e7e18ead0bdc47b920764118ce58733dc"

chalk@^1.1.0:
  version "1.1.3"
  resolved "https://registry.yarnpkg.com/chalk/-/chalk-1.1.3.tgz#a8115c55e4a702fe4d150abd3872822a7e09fc98"
  dependencies:
    ansi-styles "^2.2.1"
    escape-string-regexp "^1.0.2"
    has-ansi "^2.0.0"
    strip-ansi "^3.0.0"
    supports-color "^2.0.0"

change-emitter@^0.1.2:
  version "0.1.6"
  resolved "https://registry.yarnpkg.com/change-emitter/-/change-emitter-0.1.6.tgz#e8b2fe3d7f1ab7d69a32199aff91ea6931409515"

clone@^1.0.2:
  version "1.0.2"
  resolved "https://registry.yarnpkg.com/clone/-/clone-1.0.2.tgz#260b7a99ebb1edfe247538175f783243cb19d149"

core-js@^1.0.0:
  version "1.2.7"
  resolved "https://registry.yarnpkg.com/core-js/-/core-js-1.2.7.tgz#652294c14651db28fa93bd2d5ff2983a4f08c636"

core-js@^2.4.0:
  version "2.4.1"
  resolved "https://registry.yarnpkg.com/core-js/-/core-js-2.4.1.tgz#4de911e667b0eae9124e34254b53aea6fc618d3e"

create-react-class@^15.5.2, create-react-class@^15.5.3:
  version "15.6.0"
  resolved "https://registry.yarnpkg.com/create-react-class/-/create-react-class-15.6.0.tgz#ab448497c26566e1e29413e883207d57cfe7bed4"
  dependencies:
    fbjs "^0.8.9"
    loose-envify "^1.3.1"
    object-assign "^4.1.1"

css-color-keywords@^1.0.0:
  version "1.0.0"
  resolved "https://registry.yarnpkg.com/css-color-keywords/-/css-color-keywords-1.0.0.tgz#fea2616dc676b2962686b3af8dbdbe180b244e05"

css-in-js-utils@^1.0.3:
  version "1.0.3"
  resolved "https://registry.yarnpkg.com/css-in-js-utils/-/css-in-js-utils-1.0.3.tgz#9ac7e02f763cf85d94017666565ed68a5b5f3215"
  dependencies:
    hyphenate-style-name "^1.0.2"

css-to-react-native@^2.0.3:
  version "2.0.4"
  resolved "https://registry.yarnpkg.com/css-to-react-native/-/css-to-react-native-2.0.4.tgz#cf4cc407558b3474d4ba8be1a2cd3b6ce713101b"
  dependencies:
    css-color-keywords "^1.0.0"
    fbjs "^0.8.5"
    postcss-value-parser "^3.3.0"

d3-array@^1.2.0:
  version "1.2.0"
  resolved "https://registry.yarnpkg.com/d3-array/-/d3-array-1.2.0.tgz#147d269720e174c4057a7f42be8b0f3f2ba53108"

d3-collection@1:
  version "1.0.4"
  resolved "https://registry.yarnpkg.com/d3-collection/-/d3-collection-1.0.4.tgz#342dfd12837c90974f33f1cc0a785aea570dcdc2"

d3-color@1:
  version "1.0.3"
  resolved "https://registry.yarnpkg.com/d3-color/-/d3-color-1.0.3.tgz#bc7643fca8e53a8347e2fbdaffa236796b58509b"

d3-format@1:
  version "1.2.0"
  resolved "https://registry.yarnpkg.com/d3-format/-/d3-format-1.2.0.tgz#6b480baa886885d4651dc248a8f4ac9da16db07a"

d3-interpolate@1:
  version "1.1.5"
  resolved "https://registry.yarnpkg.com/d3-interpolate/-/d3-interpolate-1.1.5.tgz#69e099ff39214716e563c9aec3ea9d1ea4b8a79f"
  dependencies:
    d3-color "1"

d3-path@1:
  version "1.0.5"
  resolved "https://registry.yarnpkg.com/d3-path/-/d3-path-1.0.5.tgz#241eb1849bd9e9e8021c0d0a799f8a0e8e441764"

d3-scale@^1.0.6:
  version "1.0.6"
  resolved "https://registry.yarnpkg.com/d3-scale/-/d3-scale-1.0.6.tgz#bce19da80d3a0cf422c9543ae3322086220b34ed"
  dependencies:
    d3-array "^1.2.0"
    d3-collection "1"
    d3-color "1"
    d3-format "1"
    d3-interpolate "1"
    d3-time "1"
    d3-time-format "2"

d3-shape@^1.2.0:
  version "1.2.0"
  resolved "https://registry.yarnpkg.com/d3-shape/-/d3-shape-1.2.0.tgz#45d01538f064bafd05ea3d6d2cb748fd8c41f777"
  dependencies:
    d3-path "1"

d3-time-format@2:
  version "2.0.5"
  resolved "https://registry.yarnpkg.com/d3-time-format/-/d3-time-format-2.0.5.tgz#9d7780204f7c9119c9170b1a56db4de9a8af972e"
  dependencies:
    d3-time "1"

d3-time@1:
  version "1.0.7"
  resolved "https://registry.yarnpkg.com/d3-time/-/d3-time-1.0.7.tgz#94caf6edbb7879bb809d0d1f7572bc48482f7270"

debug@^2.2.0:
  version "2.6.3"
  resolved "https://registry.yarnpkg.com/debug/-/debug-2.6.3.tgz#0f7eb8c30965ec08c72accfa0130c8b79984141d"
  dependencies:
    ms "0.7.2"

deep-diff@^0.3.5:
  version "0.3.8"
  resolved "https://registry.yarnpkg.com/deep-diff/-/deep-diff-0.3.8.tgz#c01de63efb0eec9798801d40c7e0dae25b582c84"

deep-eql@^0.1.3:
  version "0.1.3"
  resolved "https://registry.yarnpkg.com/deep-eql/-/deep-eql-0.1.3.tgz#ef558acab8de25206cd713906d74e56930eb69f2"
  dependencies:
    type-detect "0.1.1"

dom-helpers@^3.2.0:
  version "3.2.1"
  resolved "https://registry.yarnpkg.com/dom-helpers/-/dom-helpers-3.2.1.tgz#3203e07fed217bd1f424b019735582fc37b2825a"

dom-walk@^0.1.0:
  version "0.1.1"
  resolved "https://registry.yarnpkg.com/dom-walk/-/dom-walk-0.1.1.tgz#672226dc74c8f799ad35307df936aba11acd6018"

encoding@^0.1.11:
  version "0.1.12"
  resolved "https://registry.yarnpkg.com/encoding/-/encoding-0.1.12.tgz#538b66f3ee62cd1ab51ec323829d1f9480c74beb"
  dependencies:
    iconv-lite "~0.4.13"

error-stack-parser@^1.3.6:
  version "1.3.6"
  resolved "https://registry.yarnpkg.com/error-stack-parser/-/error-stack-parser-1.3.6.tgz#e0e73b93e417138d1cd7c0b746b1a4a14854c292"
  dependencies:
    stackframe "^0.3.1"

escape-string-regexp@^1.0.2:
  version "1.0.5"
  resolved "https://registry.yarnpkg.com/escape-string-regexp/-/escape-string-regexp-1.0.5.tgz#1b61c0562190a8dff6ae3bb2cf0200ca130b86d4"

esutils@^2.0.2:
  version "2.0.2"
  resolved "https://registry.yarnpkg.com/esutils/-/esutils-2.0.2.tgz#0abf4f1caa5bcb1f7a9d8acc6dea4faaa04bac9b"

fbjs@^0.8.1, fbjs@^0.8.4, fbjs@^0.8.5, fbjs@^0.8.9:
  version "0.8.9"
  resolved "https://registry.yarnpkg.com/fbjs/-/fbjs-0.8.9.tgz#180247fbd347dcc9004517b904f865400a0c8f14"
  dependencies:
    core-js "^1.0.0"
    isomorphic-fetch "^2.1.1"
    loose-envify "^1.0.0"
    object-assign "^4.1.0"
    promise "^7.1.1"
    setimmediate "^1.0.5"
    ua-parser-js "^0.7.9"

global@^4.3.0:
  version "4.3.1"
  resolved "https://registry.yarnpkg.com/global/-/global-4.3.1.tgz#5f757908c7cbabce54f386ae440e11e26b7916df"
  dependencies:
    min-document "^2.19.0"
    process "~0.5.1"

globals@^9.0.0:
  version "9.16.0"
  resolved "https://registry.yarnpkg.com/globals/-/globals-9.16.0.tgz#63e903658171ec2d9f51b1d31de5e2b8dc01fb80"

graphql-fetch@^1.0.1:
  version "1.0.1"
  resolved "https://registry.yarnpkg.com/graphql-fetch/-/graphql-fetch-1.0.1.tgz#145112b27c603f06387a41ca4db58dd1edcaad9e"
  dependencies:
    "101" "^1.5.0"
    isomorphic-fetch "^2.2.1"

has-ansi@^2.0.0:
  version "2.0.0"
  resolved "https://registry.yarnpkg.com/has-ansi/-/has-ansi-2.0.0.tgz#34f5049ce1ecdf2b0649af3ef24e45ed35416d91"
  dependencies:
    ansi-regex "^2.0.0"

has-flag@^1.0.0:
  version "1.0.0"
  resolved "https://registry.yarnpkg.com/has-flag/-/has-flag-1.0.0.tgz#9d9e793165ce017a00f00418c43f942a7b1d11fa"

history@^4.5.1, history@^4.6.0:
  version "4.6.1"
  resolved "https://registry.yarnpkg.com/history/-/history-4.6.1.tgz#911cf8eb65728555a94f2b12780a0c531a14d2fd"
  dependencies:
    invariant "^2.2.1"
    loose-envify "^1.2.0"
    resolve-pathname "^2.0.0"
    value-equal "^0.2.0"
    warning "^3.0.0"

hoist-non-react-statics@^1.0.0, hoist-non-react-statics@^1.0.3, hoist-non-react-statics@^1.2.0:
  version "1.2.0"
  resolved "https://registry.yarnpkg.com/hoist-non-react-statics/-/hoist-non-react-statics-1.2.0.tgz#aa448cf0986d55cc40773b17174b7dd066cb7cfb"

hyphenate-style-name@^1.0.2:
  version "1.0.2"
  resolved "https://registry.yarnpkg.com/hyphenate-style-name/-/hyphenate-style-name-1.0.2.tgz#31160a36930adaf1fc04c6074f7eb41465d4ec4b"

iconv-lite@~0.4.13:
  version "0.4.15"
  resolved "https://registry.yarnpkg.com/iconv-lite/-/iconv-lite-0.4.15.tgz#fe265a218ac6a57cfe854927e9d04c19825eddeb"

ieee754@^1.1.4:
  version "1.1.8"
  resolved "https://registry.yarnpkg.com/ieee754/-/ieee754-1.1.8.tgz#be33d40ac10ef1926701f6f08a2d86fbfd1ad3e4"

inline-style-prefixer@^3.0.2:
  version "3.0.2"
  resolved "https://registry.yarnpkg.com/inline-style-prefixer/-/inline-style-prefixer-3.0.2.tgz#989865e0c5de7a946acbea71e16e02741efe0dd7"
  dependencies:
    bowser "^1.6.0"
    css-in-js-utils "^1.0.3"

invariant@^2.0.0, invariant@^2.2.0, invariant@^2.2.1, invariant@^2.2.2:
  version "2.2.2"
  resolved "https://registry.yarnpkg.com/invariant/-/invariant-2.2.2.tgz#9e1f56ac0acdb6bf303306f338be3b204ae60360"
  dependencies:
    loose-envify "^1.0.0"

is-function@^1.0.1:
  version "1.0.1"
  resolved "https://registry.yarnpkg.com/is-function/-/is-function-1.0.1.tgz#12cfb98b65b57dd3d193a3121f5f6e2f437602b5"

is-plain-object@^2.0.1:
  version "2.0.4"
  resolved "https://registry.yarnpkg.com/is-plain-object/-/is-plain-object-2.0.4.tgz#2c163b3fafb1b606d9d17928f05c2a1c38e07677"
  dependencies:
    isobject "^3.0.1"

is-stream@^1.0.1:
  version "1.1.0"
  resolved "https://registry.yarnpkg.com/is-stream/-/is-stream-1.1.0.tgz#12d4a3dd4e68e0b79ceb8dbc84173ae80d91ca44"

isarray@0.0.1:
  version "0.0.1"
  resolved "https://registry.yarnpkg.com/isarray/-/isarray-0.0.1.tgz#8a18acfca9a8f4177e09abfc6038939b05d1eedf"

isobject@^3.0.1:
  version "3.0.1"
  resolved "https://registry.yarnpkg.com/isobject/-/isobject-3.0.1.tgz#4e431e92b11a9731636aa1f9c8d1ccbcfdab78df"

isomorphic-fetch@^2.1.1, isomorphic-fetch@^2.2.1:
  version "2.2.1"
  resolved "https://registry.yarnpkg.com/isomorphic-fetch/-/isomorphic-fetch-2.2.1.tgz#611ae1acf14f5e81f729507472819fe9733558a9"
  dependencies:
    node-fetch "^1.0.1"
    whatwg-fetch ">=0.10.0"

js-tokens@^3.0.0:
  version "3.0.1"
  resolved "https://registry.yarnpkg.com/js-tokens/-/js-tokens-3.0.1.tgz#08e9f132484a2c45a30907e9dc4d5567b7f114d7"

keycode@^2.1.8:
  version "2.1.8"
  resolved "https://registry.yarnpkg.com/keycode/-/keycode-2.1.8.tgz#94d2b7098215eff0e8f9a8931d5a59076c4532fb"

keypather@^1.10.2:
  version "1.10.2"
  resolved "https://registry.yarnpkg.com/keypather/-/keypather-1.10.2.tgz#e0449632d4b3e516f21cc014ce7c5644fddce614"
  dependencies:
    "101" "^1.0.0"

lodash-es@^4.2.0, lodash-es@^4.2.1:
  version "4.17.4"
  resolved "https://registry.yarnpkg.com/lodash-es/-/lodash-es-4.17.4.tgz#dcc1d7552e150a0640073ba9cb31d70f032950e7"

lodash.debounce@^4.0.0:
  version "4.0.8"
  resolved "https://registry.yarnpkg.com/lodash.debounce/-/lodash.debounce-4.0.8.tgz#82d79bff30a67c4005ffd5e2515300ad9ca4d7af"

lodash.merge@^4.6.0:
  version "4.6.0"
  resolved "https://registry.yarnpkg.com/lodash.merge/-/lodash.merge-4.6.0.tgz#69884ba144ac33fe699737a6086deffadd0f89c5"

lodash.throttle@4.0.1:
  version "4.0.1"
  resolved "https://registry.yarnpkg.com/lodash.throttle/-/lodash.throttle-4.0.1.tgz#b3211662ee9d82f56903d0731262aaaa873a6330"
  dependencies:
    lodash.debounce "^4.0.0"

lodash.throttle@^4.1.1:
  version "4.1.1"
  resolved "https://registry.yarnpkg.com/lodash.throttle/-/lodash.throttle-4.1.1.tgz#c23e91b710242ac70c37f1e1cda9274cc39bf2f4"

lodash@^4.2.0, lodash@^4.2.1, lodash@^4.6.1:
  version "4.17.4"
  resolved "https://registry.yarnpkg.com/lodash/-/lodash-4.17.4.tgz#78203a4d1c328ae1d86dca6460e369b57f4055ae"

loose-envify@^1.0.0, loose-envify@^1.1.0, loose-envify@^1.2.0, loose-envify@^1.3.1:
  version "1.3.1"
  resolved "https://registry.yarnpkg.com/loose-envify/-/loose-envify-1.3.1.tgz#d1a8ad33fa9ce0e713d65fdd0ac8b748d478c848"
  dependencies:
    js-tokens "^3.0.0"

material-ui@^0.18.3:
  version "0.18.3"
  resolved "https://registry.yarnpkg.com/material-ui/-/material-ui-0.18.3.tgz#db1cf7190b322b304867e7ffb96b17ef79443bc9"
  dependencies:
    babel-runtime "^6.23.0"
    inline-style-prefixer "^3.0.2"
    keycode "^2.1.8"
    lodash.merge "^4.6.0"
    lodash.throttle "^4.1.1"
    prop-types "^15.5.7"
    react-event-listener "^0.4.5"
    react-transition-group "^1.1.2"
    recompose "0.23.4"
    simple-assign "^0.1.0"
    warning "^3.0.0"

min-document@^2.19.0:
  version "2.19.0"
  resolved "https://registry.yarnpkg.com/min-document/-/min-document-2.19.0.tgz#7bd282e3f5842ed295bb748cdd9f1ffa2c824685"
  dependencies:
    dom-walk "^0.1.0"

mousetrap@^1.6.1:
  version "1.6.1"
  resolved "https://registry.yarnpkg.com/mousetrap/-/mousetrap-1.6.1.tgz#2a085f5c751294c75e7e81f6ec2545b29cbf42d9"

ms@0.7.2:
  version "0.7.2"
  resolved "https://registry.yarnpkg.com/ms/-/ms-0.7.2.tgz#ae25cf2512b3885a1d95d7f037868d8431124765"

node-fetch@^1.0.1:
  version "1.6.3"
  resolved "https://registry.yarnpkg.com/node-fetch/-/node-fetch-1.6.3.tgz#dc234edd6489982d58e8f0db4f695029abcd8c04"
  dependencies:
    encoding "^0.1.11"
    is-stream "^1.0.1"

object-assign@^4.0.1, object-assign@^4.1.0, object-assign@^4.1.1:
  version "4.1.1"
  resolved "https://registry.yarnpkg.com/object-assign/-/object-assign-4.1.1.tgz#2109adc7965887cfc05cbbd442cac8bfbb360863"

path-to-regexp@^1.5.3:
  version "1.7.0"
  resolved "https://registry.yarnpkg.com/path-to-regexp/-/path-to-regexp-1.7.0.tgz#59fde0f435badacba103a84e9d3bc64e96b9937d"
  dependencies:
    isarray "0.0.1"

postcss-value-parser@^3.3.0:
  version "3.3.0"
  resolved "https://registry.yarnpkg.com/postcss-value-parser/-/postcss-value-parser-3.3.0.tgz#87f38f9f18f774a4ab4c8a232f5c5ce8872a9d15"

process@~0.5.1:
  version "0.5.2"
  resolved "https://registry.yarnpkg.com/process/-/process-0.5.2.tgz#1638d8a8e34c2f440a91db95ab9aeb677fc185cf"

promise@^7.1.1:
  version "7.1.1"
  resolved "https://registry.yarnpkg.com/promise/-/promise-7.1.1.tgz#489654c692616b8aa55b0724fa809bb7db49c5bf"
  dependencies:
    asap "~2.0.3"

prop-types@^15.5.10, prop-types@^15.5.4, prop-types@^15.5.6:
  version "15.5.10"
  resolved "https://registry.yarnpkg.com/prop-types/-/prop-types-15.5.10.tgz#2797dfc3126182e3a95e3dfbb2e893ddd7456154"
  dependencies:
    fbjs "^0.8.9"
    loose-envify "^1.3.1"

prop-types@^15.5.7, prop-types@~15.5.7:
  version "15.5.8"
  resolved "https://registry.yarnpkg.com/prop-types/-/prop-types-15.5.8.tgz#6b7b2e141083be38c8595aa51fc55775c7199394"
  dependencies:
    fbjs "^0.8.9"

ramda@^0.24.1:
  version "0.24.1"
  resolved "https://registry.yarnpkg.com/ramda/-/ramda-0.24.1.tgz#c3b7755197f35b8dc3502228262c4c91ddb6b857"

react-deep-force-update@^2.0.1:
  version "2.0.1"
  resolved "https://registry.yarnpkg.com/react-deep-force-update/-/react-deep-force-update-2.0.1.tgz#4f7f6c12c3e7de42f345992a3c518236fa1ecad3"

react-dom@^15.5.4:
  version "15.6.0"
  resolved "https://registry.yarnpkg.com/react-dom/-/react-dom-15.6.0.tgz#8bc23cb0c80e706355b76ca9f8ce47cf7bdfb6d1"
  dependencies:
    fbjs "^0.8.9"
    loose-envify "^1.1.0"
    object-assign "^4.1.0"
    prop-types "~15.5.7"

react-event-listener@^0.4.5:
  version "0.4.5"
  resolved "https://registry.yarnpkg.com/react-event-listener/-/react-event-listener-0.4.5.tgz#e3e895a0970cf14ee8f890113af68197abf3d0b1"
  dependencies:
    babel-runtime "^6.20.0"
    fbjs "^0.8.4"
    prop-types "^15.5.4"
    warning "^3.0.0"

react-hot-loader@^3.0.0-beta.6:
  version "3.0.0-beta.6"
  resolved "https://registry.yarnpkg.com/react-hot-loader/-/react-hot-loader-3.0.0-beta.6.tgz#463fac0bfc8b63a8385258af20c91636abce75f4"
  dependencies:
    babel-template "^6.7.0"
    global "^4.3.0"
    react-deep-force-update "^2.0.1"
    react-proxy "^3.0.0-alpha.0"
    redbox-react "^1.2.5"
    source-map "^0.4.4"

react-proxy@^3.0.0-alpha.0:
  version "3.0.0-alpha.1"
  resolved "https://registry.yarnpkg.com/react-proxy/-/react-proxy-3.0.0-alpha.1.tgz#4400426bcfa80caa6724c7755695315209fa4b07"
  dependencies:
    lodash "^4.6.1"

react-redux@^5.0.4:
  version "5.0.5"
  resolved "https://registry.yarnpkg.com/react-redux/-/react-redux-5.0.5.tgz#f8e8c7b239422576e52d6b7db06439469be9846a"
  dependencies:
    create-react-class "^15.5.3"
    hoist-non-react-statics "^1.0.3"
    invariant "^2.0.0"
    lodash "^4.2.0"
    lodash-es "^4.2.0"
    loose-envify "^1.1.0"
    prop-types "^15.5.10"

react-router-dom@^4.1.1:
  version "4.1.1"
  resolved "https://registry.yarnpkg.com/react-router-dom/-/react-router-dom-4.1.1.tgz#3021ade1f2c160af97cf94e25594c5f294583025"
  dependencies:
    history "^4.5.1"
    loose-envify "^1.3.1"
    prop-types "^15.5.4"
    react-router "^4.1.1"

react-router@^4.1.1:
  version "4.1.1"
  resolved "https://registry.yarnpkg.com/react-router/-/react-router-4.1.1.tgz#d448f3b7c1b429a6fbb03395099949c606b1fe95"
  dependencies:
    history "^4.6.0"
    hoist-non-react-statics "^1.2.0"
    invariant "^2.2.2"
    loose-envify "^1.3.1"
    path-to-regexp "^1.5.3"
    prop-types "^15.5.4"
    warning "^3.0.0"

react-transition-group@^1.1.2:
  version "1.2.0"
  resolved "https://registry.yarnpkg.com/react-transition-group/-/react-transition-group-1.2.0.tgz#b51fc921b0c3835a7ef7c571c79fc82c73e9204f"
  dependencies:
    chain-function "^1.0.0"
    dom-helpers "^3.2.0"
    loose-envify "^1.3.1"
    prop-types "^15.5.6"
    warning "^3.0.0"

react@^15.5.4:
  version "15.6.0"
  resolved "https://registry.yarnpkg.com/react/-/react-15.6.0.tgz#c23299b48e30ed302508ce89e1a02c919f826bce"
  dependencies:
    create-react-class "^15.5.2"
    fbjs "^0.8.9"
    loose-envify "^1.1.0"
    object-assign "^4.1.0"
    prop-types "^15.5.7"

recompose@0.23.4:
  version "0.23.4"
  resolved "https://registry.yarnpkg.com/recompose/-/recompose-0.23.4.tgz#af09e4e08424effa449c9b793037166f7b30644a"
  dependencies:
    change-emitter "^0.1.2"
    fbjs "^0.8.1"
    hoist-non-react-statics "^1.0.0"
    symbol-observable "^1.0.4"

redbox-react@^1.2.5:
  version "1.3.4"
  resolved "https://registry.yarnpkg.com/redbox-react/-/redbox-react-1.3.4.tgz#3d882bb62cc7c8f6256279d12f05c6a5a96d24c6"
  dependencies:
    error-stack-parser "^1.3.6"
    object-assign "^4.0.1"

redux-logger@^3.0.1:
  version "3.0.6"
  resolved "https://registry.yarnpkg.com/redux-logger/-/redux-logger-3.0.6.tgz#f7555966f3098f3c88604c449cf0baf5778274bf"
  dependencies:
    deep-diff "^0.3.5"

redux-throttle@^0.1.1:
  version "0.1.1"
  resolved "https://registry.yarnpkg.com/redux-throttle/-/redux-throttle-0.1.1.tgz#43070573f0331d12ae16fae6572ad9d7fcb761ae"
  dependencies:
    lodash.throttle "4.0.1"

redux-thunk@^2.2.0:
  version "2.2.0"
  resolved "https://registry.yarnpkg.com/redux-thunk/-/redux-thunk-2.2.0.tgz#e615a16e16b47a19a515766133d1e3e99b7852e5"

redux@^3.6.0:
  version "3.6.0"
  resolved "https://registry.yarnpkg.com/redux/-/redux-3.6.0.tgz#887c2b3d0b9bd86eca2be70571c27654c19e188d"
  dependencies:
    lodash "^4.2.1"
    lodash-es "^4.2.1"
    loose-envify "^1.1.0"
    symbol-observable "^1.0.2"

regenerator-runtime@^0.10.0:
  version "0.10.3"
  resolved "https://registry.yarnpkg.com/regenerator-runtime/-/regenerator-runtime-0.10.3.tgz#8c4367a904b51ea62a908ac310bf99ff90a82a3e"

reselect@^3.0.1:
  version "3.0.1"
  resolved "https://registry.yarnpkg.com/reselect/-/reselect-3.0.1.tgz#efdaa98ea7451324d092b2b2163a6a1d7a9a2147"

resolve-pathname@^2.0.0:
  version "2.1.0"
  resolved "https://registry.yarnpkg.com/resolve-pathname/-/resolve-pathname-2.1.0.tgz#e8358801b86b83b17560d4e3c382d7aef2100944"

setimmediate@^1.0.5:
  version "1.0.5"
  resolved "https://registry.yarnpkg.com/setimmediate/-/setimmediate-1.0.5.tgz#290cbb232e306942d7d7ea9b83732ab7856f8285"

simple-assign@^0.1.0:
  version "0.1.0"
  resolved "https://registry.yarnpkg.com/simple-assign/-/simple-assign-0.1.0.tgz#17fd3066a5f3d7738f50321bb0f14ca281cc4baa"

source-map@^0.4.4:
  version "0.4.4"
  resolved "https://registry.yarnpkg.com/source-map/-/source-map-0.4.4.tgz#eba4f5da9c0dc999de68032d8b4f76173652036b"
  dependencies:
    amdefine ">=0.0.4"

stackframe@^0.3.1:
  version "0.3.1"
  resolved "https://registry.yarnpkg.com/stackframe/-/stackframe-0.3.1.tgz#33aa84f1177a5548c8935533cbfeb3420975f5a4"

strip-ansi@^3.0.0:
  version "3.0.1"
  resolved "https://registry.yarnpkg.com/strip-ansi/-/strip-ansi-3.0.1.tgz#6a385fb8853d952d5ff05d0e8aaf94278dc63dcf"
  dependencies:
    ansi-regex "^2.0.0"

styled-components@^2.1.2:
  version "2.1.2"
  resolved "https://registry.yarnpkg.com/styled-components/-/styled-components-2.1.2.tgz#bb419978e1287c5d0d88fa9106b2dd75f66a324c"
  dependencies:
    buffer "^5.0.3"
    css-to-react-native "^2.0.3"
    fbjs "^0.8.9"
    hoist-non-react-statics "^1.2.0"
    is-function "^1.0.1"
    is-plain-object "^2.0.1"
    prop-types "^15.5.4"
    stylis "^3.2.1"
    supports-color "^3.2.3"

stylis@^3.2.1:
  version "3.2.16"
  resolved "https://registry.yarnpkg.com/stylis/-/stylis-3.2.16.tgz#f336893e55f9f13299b39c01af3b10546cd7507a"

supports-color@^2.0.0:
  version "2.0.0"
  resolved "https://registry.yarnpkg.com/supports-color/-/supports-color-2.0.0.tgz#535d045ce6b6363fa40117084629995e9df324c7"

supports-color@^3.2.3:
  version "3.2.3"
  resolved "https://registry.yarnpkg.com/supports-color/-/supports-color-3.2.3.tgz#65ac0504b3954171d8a64946b2ae3cbb8a5f54f6"
  dependencies:
    has-flag "^1.0.0"

symbol-observable@^1.0.2, symbol-observable@^1.0.4:
  version "1.0.4"
  resolved "https://registry.yarnpkg.com/symbol-observable/-/symbol-observable-1.0.4.tgz#29bf615d4aa7121bdd898b22d4b3f9bc4e2aa03d"

throttle-debounce@^1.0.1:
  version "1.0.1"
  resolved "https://registry.yarnpkg.com/throttle-debounce/-/throttle-debounce-1.0.1.tgz#dad0fe130f9daf3719fdea33dc36a8e6ba7f30b5"

to-fast-properties@^1.0.1:
  version "1.0.2"
  resolved "https://registry.yarnpkg.com/to-fast-properties/-/to-fast-properties-1.0.2.tgz#f3f5c0c3ba7299a7ef99427e44633257ade43320"

type-detect@0.1.1:
  version "0.1.1"
  resolved "https://registry.yarnpkg.com/type-detect/-/type-detect-0.1.1.tgz#0ba5ec2a885640e470ea4e8505971900dac58822"

ua-parser-js@^0.7.9:
  version "0.7.12"
  resolved "https://registry.yarnpkg.com/ua-parser-js/-/ua-parser-js-0.7.12.tgz#04c81a99bdd5dc52263ea29d24c6bf8d4818a4bb"

value-equal@^0.2.0:
  version "0.2.1"
  resolved "https://registry.yarnpkg.com/value-equal/-/value-equal-0.2.1.tgz#c220a304361fce6994dbbedaa3c7e1a1b895871d"

warning@^3.0.0:
  version "3.0.0"
  resolved "https://registry.yarnpkg.com/warning/-/warning-3.0.0.tgz#32e5377cb572de4ab04753bdf8821c01ed605b7c"
  dependencies:
    loose-envify "^1.0.0"

whatwg-fetch@>=0.10.0:
  version "2.0.3"
  resolved "https://registry.yarnpkg.com/whatwg-fetch/-/whatwg-fetch-2.0.3.tgz#9c84ec2dcf68187ff00bc64e1274b442176e1c84"
