# THIS IS AN AUTOGENERATED FILE. DO NOT EDIT THIS FILE DIRECTLY.
# yarn lockfile v1


d3-array@^1.2.0:
  version "1.2.0"
  resolved "https://registry.yarnpkg.com/d3-array/-/d3-array-1.2.0.tgz#147d269720e174c4057a7f42be8b0f3f2ba53108"

d3-collection@1:
  version "1.0.3"
  resolved "https://registry.yarnpkg.com/d3-collection/-/d3-collection-1.0.3.tgz#00bdea94fbc1628d435abbae2f4dc2164e37dd34"

d3-color@1:
  version "1.0.3"
  resolved "https://registry.yarnpkg.com/d3-color/-/d3-color-1.0.3.tgz#bc7643fca8e53a8347e2fbdaffa236796b58509b"

d3-format@1:
  version "1.2.0"
  resolved "https://registry.yarnpkg.com/d3-format/-/d3-format-1.2.0.tgz#6b480baa886885d4651dc248a8f4ac9da16db07a"

d3-interpolate@1:
  version "1.1.5"
  resolved "https://registry.yarnpkg.com/d3-interpolate/-/d3-interpolate-1.1.5.tgz#69e099ff39214716e563c9aec3ea9d1ea4b8a79f"
  dependencies:
    d3-color "1"

d3-path@1, d3-path@^1.0.5:
  version "1.0.5"
  resolved "https://registry.yarnpkg.com/d3-path/-/d3-path-1.0.5.tgz#241eb1849bd9e9e8021c0d0a799f8a0e8e441764"

d3-scale@^1.0.6:
  version "1.0.6"
  resolved "https://registry.yarnpkg.com/d3-scale/-/d3-scale-1.0.6.tgz#bce19da80d3a0cf422c9543ae3322086220b34ed"
  dependencies:
    d3-array "^1.2.0"
    d3-collection "1"
    d3-color "1"
    d3-format "1"
    d3-interpolate "1"
    d3-time "1"
    d3-time-format "2"

d3-shape@^1.2.0:
  version "1.2.0"
  resolved "https://registry.yarnpkg.com/d3-shape/-/d3-shape-1.2.0.tgz#45d01538f064bafd05ea3d6d2cb748fd8c41f777"
  dependencies:
    d3-path "1"

d3-time-format@2:
  version "2.0.5"
  resolved "https://registry.yarnpkg.com/d3-time-format/-/d3-time-format-2.0.5.tgz#9d7780204f7c9119c9170b1a56db4de9a8af972e"
  dependencies:
    d3-time "1"

d3-time@1:
  version "1.0.6"
  resolved "https://registry.yarnpkg.com/d3-time/-/d3-time-1.0.6.tgz#a55b13d7d15d3a160ae91708232e0835f1d5e945"

moment@^2.18.1:
  version "2.18.1"
  resolved "https://registry.yarnpkg.com/moment/-/moment-2.18.1.tgz#c36193dd3ce1c2eed2adb7c802dbbc77a81b1c0f"

ramda@^0.24.1:
  version "0.24.1"
  resolved "https://registry.yarnpkg.com/ramda/-/ramda-0.24.1.tgz#c3b7755197f35b8dc3502228262c4c91ddb6b857"
